
Microsoft Visual Studio Solution File, Format Version 10.00
# Visual Studio 2008
Project("{8BC9CEB8-8B4A-11D0-8D11-00A0C91BC942}") = "lab2", "lab2\lab2.vcproj", "{1264E264-9DB1-46DE-B42C-1825EE26637B}"
EndProject
Global
	GlobalSection(SolutionConfigurationPlatforms) = preSolution
		Debug|Win32 = Debug|Win32
		Release|Win32 = Release|Win32
	EndGlobalSection
	GlobalSection(ProjectConfigurationPlatforms) = postSolution
		{1264E264-9DB1-46DE-B42C-1825EE26637B}.Debug|Win32.ActiveCfg = Debug|Win32
		{1264E264-9DB1-46DE-B42C-1825EE26637B}.Debug|Win32.Build.0 = Debug|Win32
		{1264E264-9DB1-46DE-B42C-1825EE26637B}.Release|Win32.ActiveCfg = Release|Win32
		{1264E264-9DB1-46DE-B42C-1825EE26637B}.Release|Win32.Build.0 = Release|Win32
	EndGlobalSection
	GlobalSection(SolutionProperties) = preSolution
		HideSolutionNode = FALSE
	EndGlobalSection
EndGlobal
