
Microsoft Visual Studio Solution File, Format Version 10.00
# Visual Studio 2008
Project("{8BC9CEB8-8B4A-11D0-8D11-00A0C91BC942}") = "lab6_v2", "lab6_v2\lab6_v2.vcproj", "{8277A4F7-2E9D-4955-9CB6-804BD000013E}"
EndProject
Global
	GlobalSection(SolutionConfigurationPlatforms) = preSolution
		Debug|Win32 = Debug|Win32
		Release|Win32 = Release|Win32
	EndGlobalSection
	GlobalSection(ProjectConfigurationPlatforms) = postSolution
		{8277A4F7-2E9D-4955-9CB6-804BD000013E}.Debug|Win32.ActiveCfg = Debug|Win32
		{8277A4F7-2E9D-4955-9CB6-804BD000013E}.Debug|Win32.Build.0 = Debug|Win32
		{8277A4F7-2E9D-4955-9CB6-804BD000013E}.Release|Win32.ActiveCfg = Release|Win32
		{8277A4F7-2E9D-4955-9CB6-804BD000013E}.Release|Win32.Build.0 = Release|Win32
	EndGlobalSection
	GlobalSection(SolutionProperties) = preSolution
		HideSolutionNode = FALSE
	EndGlobalSection
EndGlobal
